
Microsoft Visual Studio Solution File, Format Version 12.00
# Visual Studio 15
VisualStudioVersion = 15.0.26206.0
MinimumVisualStudioVersion = 10.0.40219.1
Project("{FAE04EC0-301F-11D3-BF4B-00C04F79EFBC}") = "Task01", "Task01\Task01.csproj", "{64DE8A78-DD70-44ED-BF1A-541F7E363A90}"
EndProject
Project("{FAE04EC0-301F-11D3-BF4B-00C04F79EFBC}") = "Task02", "Task02\Task02.csproj", "{E7B2BEDD-9B11-4FA0-A4AE-EE041F255115}"
EndProject
Project("{FAE04EC0-301F-11D3-BF4B-00C04F79EFBC}") = "Task03", "Task03\Task03.csproj", "{F5325A58-9B1A-4215-922A-6AF2EED3AED1}"
EndProject
Project("{FAE04EC0-301F-11D3-BF4B-00C04F79EFBC}") = "Task04", "Task04\Task04.csproj", "{CE8ED41E-F4C0-4E24-868A-F0340EA1FB0A}"
EndProject
Global
	GlobalSection(SolutionConfigurationPlatforms) = preSolution
		Debug|Any CPU = Debug|Any CPU
		Release|Any CPU = Release|Any CPU
	EndGlobalSection
	GlobalSection(ProjectConfigurationPlatforms) = postSolution
		{64DE8A78-DD70-44ED-BF1A-541F7E363A90}.Debug|Any CPU.ActiveCfg = Debug|Any CPU
		{64DE8A78-DD70-44ED-BF1A-541F7E363A90}.Debug|Any CPU.Build.0 = Debug|Any CPU
		{64DE8A78-DD70-44ED-BF1A-541F7E363A90}.Release|Any CPU.ActiveCfg = Release|Any CPU
		{64DE8A78-DD70-44ED-BF1A-541F7E363A90}.Release|Any CPU.Build.0 = Release|Any CPU
		{E7B2BEDD-9B11-4FA0-A4AE-EE041F255115}.Debug|Any CPU.ActiveCfg = Debug|Any CPU
		{E7B2BEDD-9B11-4FA0-A4AE-EE041F255115}.Debug|Any CPU.Build.0 = Debug|Any CPU
		{E7B2BEDD-9B11-4FA0-A4AE-EE041F255115}.Release|Any CPU.ActiveCfg = Release|Any CPU
		{E7B2BEDD-9B11-4FA0-A4AE-EE041F255115}.Release|Any CPU.Build.0 = Release|Any CPU
		{F5325A58-9B1A-4215-922A-6AF2EED3AED1}.Debug|Any CPU.ActiveCfg = Debug|Any CPU
		{F5325A58-9B1A-4215-922A-6AF2EED3AED1}.Debug|Any CPU.Build.0 = Debug|Any CPU
		{F5325A58-9B1A-4215-922A-6AF2EED3AED1}.Release|Any CPU.ActiveCfg = Release|Any CPU
		{F5325A58-9B1A-4215-922A-6AF2EED3AED1}.Release|Any CPU.Build.0 = Release|Any CPU
		{CE8ED41E-F4C0-4E24-868A-F0340EA1FB0A}.Debug|Any CPU.ActiveCfg = Debug|Any CPU
		{CE8ED41E-F4C0-4E24-868A-F0340EA1FB0A}.Debug|Any CPU.Build.0 = Debug|Any CPU
		{CE8ED41E-F4C0-4E24-868A-F0340EA1FB0A}.Release|Any CPU.ActiveCfg = Release|Any CPU
		{CE8ED41E-F4C0-4E24-868A-F0340EA1FB0A}.Release|Any CPU.Build.0 = Release|Any CPU
	EndGlobalSection
	GlobalSection(SolutionProperties) = preSolution
		HideSolutionNode = FALSE
	EndGlobalSection
EndGlobal
