
Microsoft Visual Studio Solution File, Format Version 12.00
# Visual Studio 15
VisualStudioVersion = 15.0.26206.0
MinimumVisualStudioVersion = 10.0.40219.1
Project("{FAE04EC0-301F-11D3-BF4B-00C04F79EFBC}") = "Task01", "Task01\Task01.csproj", "{60263FE1-B681-4605-9188-F3CFCBF50967}"
EndProject
Project("{FAE04EC0-301F-11D3-BF4B-00C04F79EFBC}") = "Task02", "Task02\Task02.csproj", "{E31285CE-1BE7-4781-AFBA-C2A26FCA982B}"
EndProject
Global
	GlobalSection(SolutionConfigurationPlatforms) = preSolution
		Debug|Any CPU = Debug|Any CPU
		Release|Any CPU = Release|Any CPU
	EndGlobalSection
	GlobalSection(ProjectConfigurationPlatforms) = postSolution
		{60263FE1-B681-4605-9188-F3CFCBF50967}.Debug|Any CPU.ActiveCfg = Debug|Any CPU
		{60263FE1-B681-4605-9188-F3CFCBF50967}.Debug|Any CPU.Build.0 = Debug|Any CPU
		{60263FE1-B681-4605-9188-F3CFCBF50967}.Release|Any CPU.ActiveCfg = Release|Any CPU
		{60263FE1-B681-4605-9188-F3CFCBF50967}.Release|Any CPU.Build.0 = Release|Any CPU
		{E31285CE-1BE7-4781-AFBA-C2A26FCA982B}.Debug|Any CPU.ActiveCfg = Debug|Any CPU
		{E31285CE-1BE7-4781-AFBA-C2A26FCA982B}.Debug|Any CPU.Build.0 = Debug|Any CPU
		{E31285CE-1BE7-4781-AFBA-C2A26FCA982B}.Release|Any CPU.ActiveCfg = Release|Any CPU
		{E31285CE-1BE7-4781-AFBA-C2A26FCA982B}.Release|Any CPU.Build.0 = Release|Any CPU
	EndGlobalSection
	GlobalSection(SolutionProperties) = preSolution
		HideSolutionNode = FALSE
	EndGlobalSection
EndGlobal
