
Microsoft Visual Studio Solution File, Format Version 12.00
# Visual Studio 15
VisualStudioVersion = 15.0.26206.0
MinimumVisualStudioVersion = 10.0.40219.1
Project("{FAE04EC0-301F-11D3-BF4B-00C04F79EFBC}") = "Task01", "Task01\Task01.csproj", "{7C868C45-BFE6-4218-94B4-10939CF96637}"
EndProject
Project("{FAE04EC0-301F-11D3-BF4B-00C04F79EFBC}") = "Task02", "Task02\Task02.csproj", "{C82A9403-8213-41F7-A186-F9EB7BF3B9A7}"
EndProject
Project("{FAE04EC0-301F-11D3-BF4B-00C04F79EFBC}") = "Task03", "Task03\Task03.csproj", "{7DDFDE18-A937-4FD6-AC62-4403C3E416BA}"
EndProject
Project("{FAE04EC0-301F-11D3-BF4B-00C04F79EFBC}") = "Task04", "Task04\Task04.csproj", "{07724C61-CC53-4AFB-914E-1BD592F5D98D}"
EndProject
Global
	GlobalSection(SolutionConfigurationPlatforms) = preSolution
		Debug|Any CPU = Debug|Any CPU
		Release|Any CPU = Release|Any CPU
	EndGlobalSection
	GlobalSection(ProjectConfigurationPlatforms) = postSolution
		{7C868C45-BFE6-4218-94B4-10939CF96637}.Debug|Any CPU.ActiveCfg = Debug|Any CPU
		{7C868C45-BFE6-4218-94B4-10939CF96637}.Debug|Any CPU.Build.0 = Debug|Any CPU
		{7C868C45-BFE6-4218-94B4-10939CF96637}.Release|Any CPU.ActiveCfg = Release|Any CPU
		{7C868C45-BFE6-4218-94B4-10939CF96637}.Release|Any CPU.Build.0 = Release|Any CPU
		{C82A9403-8213-41F7-A186-F9EB7BF3B9A7}.Debug|Any CPU.ActiveCfg = Debug|Any CPU
		{C82A9403-8213-41F7-A186-F9EB7BF3B9A7}.Debug|Any CPU.Build.0 = Debug|Any CPU
		{C82A9403-8213-41F7-A186-F9EB7BF3B9A7}.Release|Any CPU.ActiveCfg = Release|Any CPU
		{C82A9403-8213-41F7-A186-F9EB7BF3B9A7}.Release|Any CPU.Build.0 = Release|Any CPU
		{7DDFDE18-A937-4FD6-AC62-4403C3E416BA}.Debug|Any CPU.ActiveCfg = Debug|Any CPU
		{7DDFDE18-A937-4FD6-AC62-4403C3E416BA}.Debug|Any CPU.Build.0 = Debug|Any CPU
		{7DDFDE18-A937-4FD6-AC62-4403C3E416BA}.Release|Any CPU.ActiveCfg = Release|Any CPU
		{7DDFDE18-A937-4FD6-AC62-4403C3E416BA}.Release|Any CPU.Build.0 = Release|Any CPU
		{07724C61-CC53-4AFB-914E-1BD592F5D98D}.Debug|Any CPU.ActiveCfg = Debug|Any CPU
		{07724C61-CC53-4AFB-914E-1BD592F5D98D}.Debug|Any CPU.Build.0 = Debug|Any CPU
		{07724C61-CC53-4AFB-914E-1BD592F5D98D}.Release|Any CPU.ActiveCfg = Release|Any CPU
		{07724C61-CC53-4AFB-914E-1BD592F5D98D}.Release|Any CPU.Build.0 = Release|Any CPU
	EndGlobalSection
	GlobalSection(SolutionProperties) = preSolution
		HideSolutionNode = FALSE
	EndGlobalSection
EndGlobal
