
Microsoft Visual Studio Solution File, Format Version 12.00
# Visual Studio 15
VisualStudioVersion = 15.0.26206.0
MinimumVisualStudioVersion = 10.0.40219.1
Project("{FAE04EC0-301F-11D3-BF4B-00C04F79EFBC}") = "Task01", "Task01\Task01.csproj", "{B74073E1-0A73-498D-A73B-C5BC6B8A01B6}"
EndProject
Project("{FAE04EC0-301F-11D3-BF4B-00C04F79EFBC}") = "Task02", "Task02\Task02.csproj", "{AE9C0B6B-291E-474F-ADC4-DEA631C17630}"
EndProject
Project("{FAE04EC0-301F-11D3-BF4B-00C04F79EFBC}") = "Task03", "Task03\Task03.csproj", "{B037EA4A-9BD3-44B7-97E9-B4C6D7ECF08F}"
EndProject
Project("{FAE04EC0-301F-11D3-BF4B-00C04F79EFBC}") = "Task04", "Task04\Task04.csproj", "{200B893A-2E82-4809-AE15-1D959BF315C3}"
EndProject
Project("{FAE04EC0-301F-11D3-BF4B-00C04F79EFBC}") = "Task05", "Task05\Task05.csproj", "{D436DF6D-A746-491B-88C1-7EF4958793E1}"
EndProject
Project("{FAE04EC0-301F-11D3-BF4B-00C04F79EFBC}") = "Task06", "Task06\Task06.csproj", "{EC56C555-229B-4D59-8552-C7E98082C483}"
EndProject
Global
	GlobalSection(SolutionConfigurationPlatforms) = preSolution
		Debug|Any CPU = Debug|Any CPU
		Release|Any CPU = Release|Any CPU
	EndGlobalSection
	GlobalSection(ProjectConfigurationPlatforms) = postSolution
		{B74073E1-0A73-498D-A73B-C5BC6B8A01B6}.Debug|Any CPU.ActiveCfg = Debug|Any CPU
		{B74073E1-0A73-498D-A73B-C5BC6B8A01B6}.Debug|Any CPU.Build.0 = Debug|Any CPU
		{B74073E1-0A73-498D-A73B-C5BC6B8A01B6}.Release|Any CPU.ActiveCfg = Release|Any CPU
		{B74073E1-0A73-498D-A73B-C5BC6B8A01B6}.Release|Any CPU.Build.0 = Release|Any CPU
		{AE9C0B6B-291E-474F-ADC4-DEA631C17630}.Debug|Any CPU.ActiveCfg = Debug|Any CPU
		{AE9C0B6B-291E-474F-ADC4-DEA631C17630}.Debug|Any CPU.Build.0 = Debug|Any CPU
		{AE9C0B6B-291E-474F-ADC4-DEA631C17630}.Release|Any CPU.ActiveCfg = Release|Any CPU
		{AE9C0B6B-291E-474F-ADC4-DEA631C17630}.Release|Any CPU.Build.0 = Release|Any CPU
		{B037EA4A-9BD3-44B7-97E9-B4C6D7ECF08F}.Debug|Any CPU.ActiveCfg = Debug|Any CPU
		{B037EA4A-9BD3-44B7-97E9-B4C6D7ECF08F}.Debug|Any CPU.Build.0 = Debug|Any CPU
		{B037EA4A-9BD3-44B7-97E9-B4C6D7ECF08F}.Release|Any CPU.ActiveCfg = Release|Any CPU
		{B037EA4A-9BD3-44B7-97E9-B4C6D7ECF08F}.Release|Any CPU.Build.0 = Release|Any CPU
		{200B893A-2E82-4809-AE15-1D959BF315C3}.Debug|Any CPU.ActiveCfg = Debug|Any CPU
		{200B893A-2E82-4809-AE15-1D959BF315C3}.Debug|Any CPU.Build.0 = Debug|Any CPU
		{200B893A-2E82-4809-AE15-1D959BF315C3}.Release|Any CPU.ActiveCfg = Release|Any CPU
		{200B893A-2E82-4809-AE15-1D959BF315C3}.Release|Any CPU.Build.0 = Release|Any CPU
		{D436DF6D-A746-491B-88C1-7EF4958793E1}.Debug|Any CPU.ActiveCfg = Debug|Any CPU
		{D436DF6D-A746-491B-88C1-7EF4958793E1}.Debug|Any CPU.Build.0 = Debug|Any CPU
		{D436DF6D-A746-491B-88C1-7EF4958793E1}.Release|Any CPU.ActiveCfg = Release|Any CPU
		{D436DF6D-A746-491B-88C1-7EF4958793E1}.Release|Any CPU.Build.0 = Release|Any CPU
		{EC56C555-229B-4D59-8552-C7E98082C483}.Debug|Any CPU.ActiveCfg = Debug|Any CPU
		{EC56C555-229B-4D59-8552-C7E98082C483}.Debug|Any CPU.Build.0 = Debug|Any CPU
		{EC56C555-229B-4D59-8552-C7E98082C483}.Release|Any CPU.ActiveCfg = Release|Any CPU
		{EC56C555-229B-4D59-8552-C7E98082C483}.Release|Any CPU.Build.0 = Release|Any CPU
	EndGlobalSection
	GlobalSection(SolutionProperties) = preSolution
		HideSolutionNode = FALSE
	EndGlobalSection
EndGlobal
